# THIS IS AN AUTOGENERATED FILE. DO NOT EDIT THIS FILE DIRECTLY.
# yarn lockfile v1


"@rayyamhk/complex@1.0.10":
  version "1.0.10"
  resolved "https://registry.yarnpkg.com/@rayyamhk/complex/-/complex-1.0.10.tgz#6daa9c1bf4b6a86b2e1414a6aa8a1f32ef6a8ace"
  integrity sha512-0HGH6SDcOd34zQVO97pfnIU6ul/qu0WkShZdupLLS3e5IEyNSkaX7mgVsDcWLpFNxLRs5RL2wS7iIYbsEp9MZg==

"@rayyamhk/matrix@^1.0.5":
  version "1.0.8"
  resolved "https://registry.yarnpkg.com/@rayyamhk/matrix/-/matrix-1.0.8.tgz#207649294a59bedf302fc714cd393abfe67e9bf9"
  integrity sha512-EIvEnmcL4q5FMb/g20/FxoZnewkbiiSY4S0+TWu+jkAKF4E/p8ocUN3CET0AXUVJwaA7t8drtBwGNFE8qAgAxg==
  dependencies:
    "@rayyamhk/complex" "1.0.10"

"@types/ace@*":
  version "0.0.48"
  resolved "https://registry.yarnpkg.com/@types/ace/-/ace-0.0.48.tgz#1cb81872a282da1b49de16976d39e767e5ca435d"
  integrity sha512-esV6hOWiDOZ6d7w5S11iLu6LQsPGe/9RPzhri7gNNLdrK1LFpO9/m7IZhQL6dat0JHICJ7l51zvHAiCgnPLLHA==

"@types/body-parser@*":
  version "1.19.2"
  resolved "https://registry.yarnpkg.com/@types/body-parser/-/body-parser-1.19.2.tgz#aea2059e28b7658639081347ac4fab3de166e6f0"
  integrity sha512-ALYone6pm6QmwZoAgeyNksccT9Q4AWZQ6PvfwR37GT6r6FWUPguq6sUmNGSMV2Wr761oQoBxwGGa6DR5o1DC9g==
  dependencies:
    "@types/connect" "*"
    "@types/node" "*"

"@types/connect@*":
  version "3.4.35"
  resolved "https://registry.yarnpkg.com/@types/connect/-/connect-3.4.35.tgz#5fcf6ae445e4021d1fc2219a4873cc73a3bb2ad1"
  integrity sha512-cdeYyv4KWoEgpBISTxWvqYsVy444DOqehiF3fM3ne10AmJ62RSyNkUnxMJXHQWRQQX2eR94m5y1IZyDwBjV9FQ==
  dependencies:
    "@types/node" "*"

"@types/cors@*":
  version "2.8.13"
  resolved "https://registry.yarnpkg.com/@types/cors/-/cors-2.8.13.tgz#b8ade22ba455a1b8cb3b5d3f35910fd204f84f94"
  integrity sha512-RG8AStHlUiV5ysZQKq97copd2UmVYw3/pRMLefISZ3S1hK104Cwm7iLQ3fTKx+lsUH2CE8FlLaYeEA2LSeqYUA==
  dependencies:
    "@types/node" "*"

"@types/express-serve-static-core@^4.17.33":
  version "4.17.36"
  resolved "https://registry.yarnpkg.com/@types/express-serve-static-core/-/express-serve-static-core-4.17.36.tgz#baa9022119bdc05a4adfe740ffc97b5f9360e545"
  integrity sha512-zbivROJ0ZqLAtMzgzIUC4oNqDG9iF0lSsAqpOD9kbs5xcIM3dTiyuHvBc7R8MtWBp3AAWGaovJa+wzWPjLYW7Q==
  dependencies:
    "@types/node" "*"
    "@types/qs" "*"
    "@types/range-parser" "*"
    "@types/send" "*"

"@types/express@*":
  version "4.17.17"
  resolved "https://registry.yarnpkg.com/@types/express/-/express-4.17.17.tgz#01d5437f6ef9cfa8668e616e13c2f2ac9a491ae4"
  integrity sha512-Q4FmmuLGBG58btUnfS1c1r/NQdlp3DMfGDGig8WhfpA2YRUtEkxAjkZb0yvplJGYdF1fsQ81iMDcH24sSCNC/Q==
  dependencies:
    "@types/body-parser" "*"
    "@types/express-serve-static-core" "^4.17.33"
    "@types/qs" "*"
    "@types/serve-static" "*"

"@types/http-errors@*":
  version "2.0.1"
  resolved "https://registry.yarnpkg.com/@types/http-errors/-/http-errors-2.0.1.tgz#20172f9578b225f6c7da63446f56d4ce108d5a65"
  integrity sha512-/K3ds8TRAfBvi5vfjuz8y6+GiAYBZ0x4tXv1Av6CWBWn0IlADc+ZX9pMq7oU0fNQPnBwIZl3rmeLp6SBApbxSQ==

"@types/jquery@*":
  version "3.5.17"
  resolved "https://registry.yarnpkg.com/@types/jquery/-/jquery-3.5.17.tgz#c38d964441f678cd358afb92f5688ecfcb6aaa2b"
  integrity sha512-U40tNEAGSTZ7R1OC6kGkD7f4TKW5DoVx6jd9kTB9mo5truFMi1m9Yohnw9kl1WpTPvDdj7zAw38LfCHSqnk5kA==
  dependencies:
    "@types/sizzle" "*"

"@types/mime@*":
  version "3.0.1"
  resolved "https://registry.yarnpkg.com/@types/mime/-/mime-3.0.1.tgz#5f8f2bca0a5863cb69bc0b0acd88c96cb1d4ae10"
  integrity sha512-Y4XFY5VJAuw0FgAqPNd6NNoV44jbq9Bz2L7Rh/J6jLTiHBSBJa9fxqQIvkIld4GsoDOcCbvzOUAbLPsSKKg+uA==

"@types/mime@^1":
  version "1.3.2"
  resolved "https://registry.yarnpkg.com/@types/mime/-/mime-1.3.2.tgz#93e25bf9ee75fe0fd80b594bc4feb0e862111b5a"
  integrity sha512-YATxVxgRqNH6nHEIsvg6k2Boc1JHI9ZbH5iWFFv/MTkchz3b1ieGDa5T0a9RznNdI0KhVbdbWSN+KWWrQZRxTw==

"@types/node-red@^1.3.1":
  version "1.3.1"
  resolved "https://registry.yarnpkg.com/@types/node-red/-/node-red-1.3.1.tgz#f4b878d645628ef74469651f4775306b6787faaf"
  integrity sha512-XTYFsXGeOQgFkqrECnfjrovL6J9AYflK0zKpltWZde9FbxUfOLb/N2huQi1ozu6W4Xmk56KogRyJThYEwbEIPA==
  dependencies:
    "@types/express" "*"
    "@types/node-red__editor-api" "*"
    "@types/node-red__editor-client" "*"
    "@types/node-red__registry" "*"
    "@types/node-red__runtime" "*"
    "@types/node-red__util" "*"

"@types/node-red__editor-api@*":
  version "1.3.1"
  resolved "https://registry.yarnpkg.com/@types/node-red__editor-api/-/node-red__editor-api-1.3.1.tgz#2d7152dc5b2ff472e83419ecd08364b71d15d161"
  integrity sha512-TN+2wFVchGv3i513A4DumpHU3dgjnGeZo/duVn8pesyKIeJAQcK4cDn7aFVrvSu0JrnpMQsqzkiqrxCduZbdig==
  dependencies:
    "@types/express" "*"
    "@types/node-red__runtime" "*"

"@types/node-red__editor-client@*":
  version "1.3.4"
  resolved "https://registry.yarnpkg.com/@types/node-red__editor-client/-/node-red__editor-client-1.3.4.tgz#41c6ebe53f062f7d779d2bc3a84c33b2c7ec55c2"
  integrity sha512-jzy0VQEHTOMPmAdT4rnqM1aHAmA6zk/6i7jPNzS2XQyQOEGfKWjhbdhVsSUyL6njL6aHrT/bex6Y19MvBcSPGg==
  dependencies:
    "@types/ace" "*"
    "@types/jquery" "*"
    "@types/node-red__registry" "*"
    "@types/node-red__runtime" "*"
    "@types/node-red__util" "*"

"@types/node-red__registry@*":
  version "1.3.5"
  resolved "https://registry.yarnpkg.com/@types/node-red__registry/-/node-red__registry-1.3.5.tgz#2ed2f404f36bcd471b4528a89d2e4ed3db89e9ea"
  integrity sha512-cy78Dxd2JUcV0M37DgKPxZTw/qrRuodPGgUrODmIEPTwGkb4qvL7cbUgQAt3/ZSSwDMpng2LRyQOI90XXzH5fA==
  dependencies:
    "@types/express" "*"
    "@types/node-red__runtime" "*"
    "@types/node-red__util" "*"

"@types/node-red__runtime@*":
  version "1.3.1"
  resolved "https://registry.yarnpkg.com/@types/node-red__runtime/-/node-red__runtime-1.3.1.tgz#e6daadadab5c4bdaddb26bae664f5f94f779a11c"
  integrity sha512-BTG2+X4sWzlOzDY2u090YYajtDo/eEPUg81cc17jrc7+Hko0uAKClZrXEWz9AC3BrJqtZstfDR5KXo2ldWC/lQ==
  dependencies:
    "@types/cors" "*"
    "@types/express" "*"
    "@types/node-red__editor-api" "*"
    "@types/node-red__util" "*"
    "@types/passport" "*"

"@types/node-red__util@*":
  version "1.3.1"
  resolved "https://registry.yarnpkg.com/@types/node-red__util/-/node-red__util-1.3.1.tgz#01107b412f4429f61f2bf73d9c39e567740b097c"
  integrity sha512-5nA2v8OTIY8Dgf0fKCt97YLhaeY4fcq0FBC1djnK5rfmAieZaWCUNJiMNrEYHpV5wblWY5433QvHy3S0KHsF3w==
  dependencies:
    "@types/node-red__registry" "*"
    "@types/node-red__runtime" "*"
    jsonata "1.8.3"

"@types/node@*":
  version "20.5.7"
  resolved "https://registry.yarnpkg.com/@types/node/-/node-20.5.7.tgz#4b8ecac87fbefbc92f431d09c30e176fc0a7c377"
  integrity sha512-dP7f3LdZIysZnmvP3ANJYTSwg+wLLl8p7RqniVlV7j+oXSXAbt9h0WIBFmJy5inWZoX9wZN6eXx+YXd9Rh3RBA==

"@types/passport@*":
  version "1.0.12"
  resolved "https://registry.yarnpkg.com/@types/passport/-/passport-1.0.12.tgz#7dc8ab96a5e895ec13688d9e3a96920a7f42e73e"
  integrity sha512-QFdJ2TiAEoXfEQSNDISJR1Tm51I78CymqcBa8imbjo6dNNu+l2huDxxbDEIoFIwOSKMkOfHEikyDuZ38WwWsmw==
  dependencies:
    "@types/express" "*"

"@types/qs@*":
  version "6.9.7"
  resolved "https://registry.yarnpkg.com/@types/qs/-/qs-6.9.7.tgz#63bb7d067db107cc1e457c303bc25d511febf6cb"
  integrity sha512-FGa1F62FT09qcrueBA6qYTrJPVDzah9a+493+o2PCXsesWHIn27G98TsSMs3WPNbZIEj4+VJf6saSFpvD+3Zsw==

"@types/range-parser@*":
  version "1.2.4"
  resolved "https://registry.yarnpkg.com/@types/range-parser/-/range-parser-1.2.4.tgz#cd667bcfdd025213aafb7ca5915a932590acdcdc"
  integrity sha512-EEhsLsD6UsDM1yFhAvy0Cjr6VwmpMWqFBCb9w07wVugF7w9nfajxLuVmngTIpgS6svCnm6Vaw+MZhoDCKnOfsw==

"@types/send@*":
  version "0.17.1"
  resolved "https://registry.yarnpkg.com/@types/send/-/send-0.17.1.tgz#ed4932b8a2a805f1fe362a70f4e62d0ac994e301"
  integrity sha512-Cwo8LE/0rnvX7kIIa3QHCkcuF21c05Ayb0ZfxPiv0W8VRiZiNW/WuRupHKpqqGVGf7SUA44QSOUKaEd9lIrd/Q==
  dependencies:
    "@types/mime" "^1"
    "@types/node" "*"

"@types/serve-static@*":
  version "1.15.2"
  resolved "https://registry.yarnpkg.com/@types/serve-static/-/serve-static-1.15.2.tgz#3e5419ecd1e40e7405d34093f10befb43f63381a"
  integrity sha512-J2LqtvFYCzaj8pVYKw8klQXrLLk7TBZmQ4ShlcdkELFKGwGMfevMLneMMRkMgZxotOD9wg497LpC7O8PcvAmfw==
  dependencies:
    "@types/http-errors" "*"
    "@types/mime" "*"
    "@types/node" "*"

"@types/sizzle@*":
  version "2.3.3"
  resolved "https://registry.yarnpkg.com/@types/sizzle/-/sizzle-2.3.3.tgz#ff5e2f1902969d305225a047c8a0fd5c915cebef"
  integrity sha512-JYM8x9EGF163bEyhdJBpR2QX1R5naCJHC8ucJylJ3w9/CVBaskdQ8WqBf8MmQrd1kRvp/a4TS8HJ+bxzR7ZJYQ==

jsonata@1.8.3:
  version "1.8.3"
  resolved "https://registry.yarnpkg.com/jsonata/-/jsonata-1.8.3.tgz#4d0c7337166e813689485e4fe7c7b5f067df3f80"
  integrity sha512-r6ztI6ohbpRo77AxBm6vMs3aHZi2L2PaakW7TCPwSkeGcuAZ/SxXGLWH2Npwqq5+YBM/fg/g0EXg/pI9HvXQ8Q==

kalman-filter@^2.3.0:
  version "2.3.0"
  resolved "https://registry.yarnpkg.com/kalman-filter/-/kalman-filter-2.3.0.tgz#e20b7e32c93aaae5b1ac94a48c8b91e11657bb16"
  integrity sha512-DcH0LcuJdU8uo9w8VaJvoDTQ5HtgpPAIpt81/3fP/zYBrfQVgQOa566ZVOeM6x93t5s95kByeEY26my4SrpH7w==
  dependencies:
    "@rayyamhk/matrix" "^1.0.5"
    matrix-inverse "^2.0.0"
    simple-linalg "^1.2.0"

kalmanjs@^1.1.0:
  version "1.1.0"
  resolved "https://registry.yarnpkg.com/kalmanjs/-/kalmanjs-1.1.0.tgz#9554566a0a7ca72722d35a23ab05915c0ddba99e"
  integrity sha512-Gkm2DAKIX8geuDcEJ92e80EmQ6TyIzWBJk6AFk+aDLofQ4G/KoDe1RCY9WMuXFe0NQxsTi7HYh9BVQneOtlvkg==

matrix-inverse@^2.0.0:
  version "2.0.0"
  resolved "https://registry.yarnpkg.com/matrix-inverse/-/matrix-inverse-2.0.0.tgz#2e8db33f8b977bd5e3b03f31d2fae89c2278203b"
  integrity sha512-iUZfjmnAEDah54qLlj63PYFnZvcCwW+mhfYgf3KrtDn1ruyVE5vFrEeJ77RfsHaqMN/L3ZLnP+5/O2E7bgKEvQ==

simple-linalg@^1.2.0:
  version "1.2.1"
  resolved "https://registry.yarnpkg.com/simple-linalg/-/simple-linalg-1.2.1.tgz#34eaca8528bfa02e8082f0be0f3c53d8ea088c2a"
  integrity sha512-FLtQoxR9yhYPGbpFPT6dMz6n3VGiSXsy7LyLM47i2BpiLFbWdR4IRs+OjQ3Ouy1ukgrf/LUXrWN4THoxUdLACw==
  dependencies:
    matrix-inverse "^2.0.0"
